
Microsoft Visual Studio Solution File, Format Version 12.00
# Visual Studio 15
VisualStudioVersion = 15.0.28010.2046
MinimumVisualStudioVersion = 10.0.40219.1
Project("{FAE04EC0-301F-11D3-BF4B-00C04F79EFBC}") = "WYFastCore.Web", "WYFastCore.Web\WYFastCore.Web.csproj", "{069FC78D-C8E9-4E69-B3F3-04D1B7BEC182}"
EndProject
Global
	GlobalSection(SolutionConfigurationPlatforms) = preSolution
		Debug|Any CPU = Debug|Any CPU
		Release|Any CPU = Release|Any CPU
	EndGlobalSection
	GlobalSection(ProjectConfigurationPlatforms) = postSolution
		{069FC78D-C8E9-4E69-B3F3-04D1B7BEC182}.Debug|Any CPU.ActiveCfg = Debug|Any CPU
		{069FC78D-C8E9-4E69-B3F3-04D1B7BEC182}.Debug|Any CPU.Build.0 = Debug|Any CPU
		{069FC78D-C8E9-4E69-B3F3-04D1B7BEC182}.Release|Any CPU.ActiveCfg = Release|Any CPU
		{069FC78D-C8E9-4E69-B3F3-04D1B7BEC182}.Release|Any CPU.Build.0 = Release|Any CPU
	EndGlobalSection
	GlobalSection(SolutionProperties) = preSolution
		HideSolutionNode = FALSE
	EndGlobalSection
	GlobalSection(ExtensibilityGlobals) = postSolution
		SolutionGuid = {B01C725E-8FCA-433B-A079-0BAF79F36540}
	EndGlobalSection
EndGlobal
